{
  "originHash" : "ad911e3ce8fae2cf4b1779097c3e58a874790876cfc026774fc9369d3c7a38db",
  "pins" : [
    {
      "identity" : "convex-swift",
      "kind" : "remoteSourceControl",
      "location" : "https://github.com/get-convex/convex-swift.git",
      "state" : {
        "revision" : "125b71b2f8725931a5b0e8252f0799ef2adad120",
        "version" : "0.8.1"
      }
    },
    {
      "identity" : "onesignal-ios-sdk",
      "kind" : "remoteSourceControl",
      "location" : "https://github.com/OneSignal/OneSignal-iOS-SDK.git",
      "state" : {
        "revision" : "ec44204c23ac526a78c2e6b38bc9dbf0f165d374",
        "version" : "5.5.3"
      }
    },
    {
      "identity" : "webrtc",
      "kind" : "remoteSourceControl",
      "location" : "https://github.com/stasel/WebRTC.git",
      "state" : {
        "revision" : "7b7272aa4c2ebb597eaf0bf4f81ec19b6a0a44a3",
        "version" : "148.0.0"
      }
    }
  ],
  "version" : 3
}
